
Microsoft Visual Studio Solution File, Format Version 12.00
# Visual Studio 15
VisualStudioVersion = 15.0.28010.2026
MinimumVisualStudioVersion = 10.0.40219.1
Project("{9092AA53-FB77-4645-B42D-1CCCA6BD08BD}") = "SmartTV", "SmartTV\SmartTV.njsproj", "{496F40D5-C031-498F-92CF-ACEEBBE57C6D}"
EndProject
Global
	GlobalSection(SolutionConfigurationPlatforms) = preSolution
		Debug|Any CPU = Debug|Any CPU
		Release|Any CPU = Release|Any CPU
	EndGlobalSection
	GlobalSection(ProjectConfigurationPlatforms) = postSolution
		{496F40D5-C031-498F-92CF-ACEEBBE57C6D}.Debug|Any CPU.ActiveCfg = Debug|Any CPU
		{496F40D5-C031-498F-92CF-ACEEBBE57C6D}.Debug|Any CPU.Build.0 = Debug|Any CPU
		{496F40D5-C031-498F-92CF-ACEEBBE57C6D}.Release|Any CPU.ActiveCfg = Release|Any CPU
		{496F40D5-C031-498F-92CF-ACEEBBE57C6D}.Release|Any CPU.Build.0 = Release|Any CPU
	EndGlobalSection
	GlobalSection(SolutionProperties) = preSolution
		HideSolutionNode = FALSE
	EndGlobalSection
	GlobalSection(ExtensibilityGlobals) = postSolution
		SolutionGuid = {6D43D842-AD02-49D9-A35B-1043F07C73BE}
	EndGlobalSection
EndGlobal
